
Microsoft Visual Studio Solution File, Format Version 12.00
# Visual Studio 14
VisualStudioVersion = 14.0.25420.1
MinimumVisualStudioVersion = 10.0.40219.1
Project("{FAE04EC0-301F-11D3-BF4B-00C04F79EFBC}") = "cv3", "cv3\cv3.csproj", "{70AF5E46-7C05-44F7-BC84-66C504A01C22}"
EndProject
Project("{FAE04EC0-301F-11D3-BF4B-00C04F79EFBC}") = "cv4", "cv4\cv4.csproj", "{5838DA9C-25D7-4475-9D46-CA839542934C}"
EndProject
Project("{FAE04EC0-301F-11D3-BF4B-00C04F79EFBC}") = "cv5", "cv5\cv5.csproj", "{6780AA81-516A-4A94-AE07-47E52CC704DB}"
EndProject
Project("{FAE04EC0-301F-11D3-BF4B-00C04F79EFBC}") = "cv6", "cv6\cv6.csproj", "{AE2C7B4F-FBA7-4CBD-BF28-F21F2AD27B01}"
EndProject
Project("{FAE04EC0-301F-11D3-BF4B-00C04F79EFBC}") = "cv7", "cv7\cv7.csproj", "{339E14AC-96E4-4D96-A8DF-9CFE8D423154}"
EndProject
Project("{FAE04EC0-301F-11D3-BF4B-00C04F79EFBC}") = "cv8", "cv8\cv8.csproj", "{7D89088D-F17B-47E3-BCB8-E0ED0A04F8DB}"
EndProject
Project("{FAE04EC0-301F-11D3-BF4B-00C04F79EFBC}") = "cv9", "cv9\cv9.csproj", "{FCD72F98-2D40-402A-AE9E-8DC3860CA642}"
EndProject
Global
	GlobalSection(SolutionConfigurationPlatforms) = preSolution
		Debug|Any CPU = Debug|Any CPU
		Release|Any CPU = Release|Any CPU
	EndGlobalSection
	GlobalSection(ProjectConfigurationPlatforms) = postSolution
		{70AF5E46-7C05-44F7-BC84-66C504A01C22}.Debug|Any CPU.ActiveCfg = Debug|Any CPU
		{70AF5E46-7C05-44F7-BC84-66C504A01C22}.Debug|Any CPU.Build.0 = Debug|Any CPU
		{70AF5E46-7C05-44F7-BC84-66C504A01C22}.Release|Any CPU.ActiveCfg = Release|Any CPU
		{70AF5E46-7C05-44F7-BC84-66C504A01C22}.Release|Any CPU.Build.0 = Release|Any CPU
		{5838DA9C-25D7-4475-9D46-CA839542934C}.Debug|Any CPU.ActiveCfg = Debug|Any CPU
		{5838DA9C-25D7-4475-9D46-CA839542934C}.Debug|Any CPU.Build.0 = Debug|Any CPU
		{5838DA9C-25D7-4475-9D46-CA839542934C}.Release|Any CPU.ActiveCfg = Release|Any CPU
		{5838DA9C-25D7-4475-9D46-CA839542934C}.Release|Any CPU.Build.0 = Release|Any CPU
		{6780AA81-516A-4A94-AE07-47E52CC704DB}.Debug|Any CPU.ActiveCfg = Debug|Any CPU
		{6780AA81-516A-4A94-AE07-47E52CC704DB}.Debug|Any CPU.Build.0 = Debug|Any CPU
		{6780AA81-516A-4A94-AE07-47E52CC704DB}.Release|Any CPU.ActiveCfg = Release|Any CPU
		{6780AA81-516A-4A94-AE07-47E52CC704DB}.Release|Any CPU.Build.0 = Release|Any CPU
		{AE2C7B4F-FBA7-4CBD-BF28-F21F2AD27B01}.Debug|Any CPU.ActiveCfg = Debug|Any CPU
		{AE2C7B4F-FBA7-4CBD-BF28-F21F2AD27B01}.Debug|Any CPU.Build.0 = Debug|Any CPU
		{AE2C7B4F-FBA7-4CBD-BF28-F21F2AD27B01}.Release|Any CPU.ActiveCfg = Release|Any CPU
		{AE2C7B4F-FBA7-4CBD-BF28-F21F2AD27B01}.Release|Any CPU.Build.0 = Release|Any CPU
		{339E14AC-96E4-4D96-A8DF-9CFE8D423154}.Debug|Any CPU.ActiveCfg = Debug|Any CPU
		{339E14AC-96E4-4D96-A8DF-9CFE8D423154}.Debug|Any CPU.Build.0 = Debug|Any CPU
		{339E14AC-96E4-4D96-A8DF-9CFE8D423154}.Release|Any CPU.ActiveCfg = Release|Any CPU
		{339E14AC-96E4-4D96-A8DF-9CFE8D423154}.Release|Any CPU.Build.0 = Release|Any CPU
		{7D89088D-F17B-47E3-BCB8-E0ED0A04F8DB}.Debug|Any CPU.ActiveCfg = Debug|Any CPU
		{7D89088D-F17B-47E3-BCB8-E0ED0A04F8DB}.Debug|Any CPU.Build.0 = Debug|Any CPU
		{7D89088D-F17B-47E3-BCB8-E0ED0A04F8DB}.Release|Any CPU.ActiveCfg = Release|Any CPU
		{7D89088D-F17B-47E3-BCB8-E0ED0A04F8DB}.Release|Any CPU.Build.0 = Release|Any CPU
		{FCD72F98-2D40-402A-AE9E-8DC3860CA642}.Debug|Any CPU.ActiveCfg = Debug|Any CPU
		{FCD72F98-2D40-402A-AE9E-8DC3860CA642}.Debug|Any CPU.Build.0 = Debug|Any CPU
		{FCD72F98-2D40-402A-AE9E-8DC3860CA642}.Release|Any CPU.ActiveCfg = Release|Any CPU
		{FCD72F98-2D40-402A-AE9E-8DC3860CA642}.Release|Any CPU.Build.0 = Release|Any CPU
	EndGlobalSection
	GlobalSection(SolutionProperties) = preSolution
		HideSolutionNode = FALSE
	EndGlobalSection
EndGlobal
